
Microsoft Visual Studio Solution File, Format Version 12.00
# Visual Studio 15
VisualStudioVersion = 15.0.26430.16
MinimumVisualStudioVersion = 10.0.40219.1
Project("{9A19103F-16F7-4668-BE54-9A1E7A4F7556}") = "MarkdigMantisLink", "src\MarkdigMantisLink.csproj", "{63E731C9-96B2-4AD8-A3BD-105474A3FC33}"
EndProject
Project("{9A19103F-16F7-4668-BE54-9A1E7A4F7556}") = "MarkdigMantisLinkTests", "tests\MarkdigMantisLinkTests.csproj", "{BED5386A-DC3D-4F0C-BB50-6D7896108AB0}"
EndProject
Project("{2150E333-8FDC-42A3-9474-1A3956D46DE8}") = "Solution Items", "Solution Items", "{B3F7BF2A-D0F7-4562-B22D-0B0BD433B3EA}"
	ProjectSection(SolutionItems) = preProject
		LICENSE.txt = LICENSE.txt
		README.md = README.md
	EndProjectSection
EndProject
Global
	GlobalSection(SolutionConfigurationPlatforms) = preSolution
		Debug|Any CPU = Debug|Any CPU
		Release|Any CPU = Release|Any CPU
	EndGlobalSection
	GlobalSection(ProjectConfigurationPlatforms) = postSolution
		{63E731C9-96B2-4AD8-A3BD-105474A3FC33}.Debug|Any CPU.ActiveCfg = Debug|Any CPU
		{63E731C9-96B2-4AD8-A3BD-105474A3FC33}.Debug|Any CPU.Build.0 = Debug|Any CPU
		{63E731C9-96B2-4AD8-A3BD-105474A3FC33}.Release|Any CPU.ActiveCfg = Release|Any CPU
		{63E731C9-96B2-4AD8-A3BD-105474A3FC33}.Release|Any CPU.Build.0 = Release|Any CPU
		{BED5386A-DC3D-4F0C-BB50-6D7896108AB0}.Debug|Any CPU.ActiveCfg = Debug|Any CPU
		{BED5386A-DC3D-4F0C-BB50-6D7896108AB0}.Debug|Any CPU.Build.0 = Debug|Any CPU
		{BED5386A-DC3D-4F0C-BB50-6D7896108AB0}.Release|Any CPU.ActiveCfg = Release|Any CPU
		{BED5386A-DC3D-4F0C-BB50-6D7896108AB0}.Release|Any CPU.Build.0 = Release|Any CPU
	EndGlobalSection
	GlobalSection(SolutionProperties) = preSolution
		HideSolutionNode = FALSE
	EndGlobalSection
EndGlobal
